
Microsoft Visual Studio Solution File, Format Version 12.00
# Visual Studio 14
VisualStudioVersion = 14.0.23107.0
MinimumVisualStudioVersion = 10.0.40219.1
Project("{FAE04EC0-301F-11D3-BF4B-00C04F79EFBC}") = "TheRX.MVVM.VisualSupport", "TheRX.MVVM.VisualSupport\TheRX.MVVM.VisualSupport.csproj", "{01F670D5-1B4C-472F-8EC4-C65D62B23054}"
EndProject
Project("{FAE04EC0-301F-11D3-BF4B-00C04F79EFBC}") = "TheRX.MVVM.VisualSupport.Tests.Unit", "TheRX.MVVM.VisualSupport.Tests.Unit\TheRX.MVVM.VisualSupport.Tests.Unit.csproj", "{5AC9D51C-EBD4-4BB3-8CF0-B89739AA4C01}"
EndProject
Global
	GlobalSection(SolutionConfigurationPlatforms) = preSolution
		Debug|Any CPU = Debug|Any CPU
		Release|Any CPU = Release|Any CPU
	EndGlobalSection
	GlobalSection(ProjectConfigurationPlatforms) = postSolution
		{01F670D5-1B4C-472F-8EC4-C65D62B23054}.Debug|Any CPU.ActiveCfg = Debug|Any CPU
		{01F670D5-1B4C-472F-8EC4-C65D62B23054}.Debug|Any CPU.Build.0 = Debug|Any CPU
		{01F670D5-1B4C-472F-8EC4-C65D62B23054}.Release|Any CPU.ActiveCfg = Release|Any CPU
		{01F670D5-1B4C-472F-8EC4-C65D62B23054}.Release|Any CPU.Build.0 = Release|Any CPU
		{5AC9D51C-EBD4-4BB3-8CF0-B89739AA4C01}.Debug|Any CPU.ActiveCfg = Debug|Any CPU
		{5AC9D51C-EBD4-4BB3-8CF0-B89739AA4C01}.Debug|Any CPU.Build.0 = Debug|Any CPU
		{5AC9D51C-EBD4-4BB3-8CF0-B89739AA4C01}.Release|Any CPU.ActiveCfg = Release|Any CPU
		{5AC9D51C-EBD4-4BB3-8CF0-B89739AA4C01}.Release|Any CPU.Build.0 = Release|Any CPU
	EndGlobalSection
	GlobalSection(SolutionProperties) = preSolution
		HideSolutionNode = FALSE
	EndGlobalSection
EndGlobal
